// !$*UTF8*$!
{
	archiveVersion = 1;
	classes = {
	};
	objectVersion = 51;
	objects = {

/* Begin PBXBuildFile section */
		392D2A3F02E124C42F84EA59 /* Pods_YelloTalkPrimeCheckerUITests.framework in Frameworks */ = {isa = PBXBuildFile; fileRef = 836FDB72844E73AE303C8594 /* Pods_YelloTalkPrimeCheckerUITests.framework */; };
		66F429BFD30B9F65FD167310 /* Pods_YelloTalkPrimeCheckerTests.framework in Frameworks */ = {isa = PBXBuildFile; fileRef = A56007B5B6384A93FD75F4DE /* Pods_YelloTalkPrimeCheckerTests.framework */; };
		7E8947BA9E4A8551050BC6DA /* Pods_YelloTalkPrimeChecker.framework in Frameworks */ = {isa = PBXBuildFile; fileRef = A546BD81311072E11E4C1674 /* Pods_YelloTalkPrimeChecker.framework */; };
		A431A4372340904600310D55 /* AppDelegate.swift in Sources */ = {isa = PBXBuildFile; fileRef = A431A4362340904600310D55 /* AppDelegate.swift */; };
		A431A4392340904600310D55 /* SceneDelegate.swift in Sources */ = {isa = PBXBuildFile; fileRef = A431A4382340904600310D55 /* SceneDelegate.swift */; };
		A431A43E2340904600310D55 /* Main.storyboard in Resources */ = {isa = PBXBuildFile; fileRef = A431A43C2340904600310D55 /* Main.storyboard */; };
		A431A4402340904800310D55 /* Assets.xcassets in Resources */ = {isa = PBXBuildFile; fileRef = A431A43F2340904800310D55 /* Assets.xcassets */; };
		A431A4432340904800310D55 /* LaunchScreen.storyboard in Resources */ = {isa = PBXBuildFile; fileRef = A431A4412340904800310D55 /* LaunchScreen.storyboard */; };
		A431A44E2340904800310D55 /* YelloTalkPrimeCheckerTests.swift in Sources */ = {isa = PBXBuildFile; fileRef = A431A44D2340904800310D55 /* YelloTalkPrimeCheckerTests.swift */; };
		A431A4592340904800310D55 /* YelloTalkPrimeCheckerUITests.swift in Sources */ = {isa = PBXBuildFile; fileRef = A431A4582340904800310D55 /* YelloTalkPrimeCheckerUITests.swift */; };
		A431A47023409A7600310D55 /* Constant.swift in Sources */ = {isa = PBXBuildFile; fileRef = A431A46F23409A7600310D55 /* Constant.swift */; };
/* End PBXBuildFile section */

/* Begin PBXContainerItemProxy section */
		A431A44A2340904800310D55 /* PBXContainerItemProxy */ = {
			isa = PBXContainerItemProxy;
			containerPortal = A431A42B2340904600310D55 /* Project object */;
			proxyType = 1;
			remoteGlobalIDString = A431A4322340904600310D55;
			remoteInfo = YelloTalkPrimeChecker;
		};
		A431A4552340904800310D55 /* PBXContainerItemProxy */ = {
			isa = PBXContainerItemProxy;
			containerPortal = A431A42B2340904600310D55 /* Project object */;
			proxyType = 1;
			remoteGlobalIDString = A431A4322340904600310D55;
			remoteInfo = YelloTalkPrimeChecker;
		};
/* End PBXContainerItemProxy section */

/* Begin PBXFileReference section */
		1326E7758077D411D0BF5E19 /* Pods-YelloTalkPrimeCheckerUITests.debug.xcconfig */ = {isa = PBXFileReference; includeInIndex = 1; lastKnownFileType = text.xcconfig; name = "Pods-YelloTalkPrimeCheckerUITests.debug.xcconfig"; path = "Target Support Files/Pods-YelloTalkPrimeCheckerUITests/Pods-YelloTalkPrimeCheckerUITests.debug.xcconfig"; sourceTree = "<group>"; };
		33E76275177215A2EB005E0C /* Pods-YelloTalkPrimeCheckerTests.debug.xcconfig */ = {isa = PBXFileReference; includeInIndex = 1; lastKnownFileType = text.xcconfig; name = "Pods-YelloTalkPrimeCheckerTests.debug.xcconfig"; path = "Target Support Files/Pods-YelloTalkPrimeCheckerTests/Pods-YelloTalkPrimeCheckerTests.debug.xcconfig"; sourceTree = "<group>"; };
		42F686B03A3C3105D1A95791 /* Pods-YelloTalkPrimeChecker.debug.xcconfig */ = {isa = PBXFileReference; includeInIndex = 1; lastKnownFileType = text.xcconfig; name = "Pods-YelloTalkPrimeChecker.debug.xcconfig"; path = "Target Support Files/Pods-YelloTalkPrimeChecker/Pods-YelloTalkPrimeChecker.debug.xcconfig"; sourceTree = "<group>"; };
		602A163E91FD947ED09E277D /* Pods-YelloTalkPrimeCheckerTests.release.xcconfig */ = {isa = PBXFileReference; includeInIndex = 1; lastKnownFileType = text.xcconfig; name = "Pods-YelloTalkPrimeCheckerTests.release.xcconfig"; path = "Target Support Files/Pods-YelloTalkPrimeCheckerTests/Pods-YelloTalkPrimeCheckerTests.release.xcconfig"; sourceTree = "<group>"; };
		836FDB72844E73AE303C8594 /* Pods_YelloTalkPrimeCheckerUITests.framework */ = {isa = PBXFileReference; explicitFileType = wrapper.framework; includeInIndex = 0; path = Pods_YelloTalkPrimeCheckerUITests.framework; sourceTree = BUILT_PRODUCTS_DIR; };
		879FB7DD8495F7FFE8EB8A21 /* Pods-YelloTalkPrimeChecker.release.xcconfig */ = {isa = PBXFileReference; includeInIndex = 1; lastKnownFileType = text.xcconfig; name = "Pods-YelloTalkPrimeChecker.release.xcconfig"; path = "Target Support Files/Pods-YelloTalkPrimeChecker/Pods-YelloTalkPrimeChecker.release.xcconfig"; sourceTree = "<group>"; };
		A431A4332340904600310D55 /* YelloTalkPrimeChecker.app */ = {isa = PBXFileReference; explicitFileType = wrapper.application; includeInIndex = 0; path = YelloTalkPrimeChecker.app; sourceTree = BUILT_PRODUCTS_DIR; };
		A431A4362340904600310D55 /* AppDelegate.swift */ = {isa = PBXFileReference; lastKnownFileType = sourcecode.swift; path = AppDelegate.swift; sourceTree = "<group>"; };
		A431A4382340904600310D55 /* SceneDelegate.swift */ = {isa = PBXFileReference; lastKnownFileType = sourcecode.swift; path = SceneDelegate.swift; sourceTree = "<group>"; };
		A431A43D2340904600310D55 /* Base */ = {isa = PBXFileReference; lastKnownFileType = file.storyboard; name = Base; path = Base.lproj/Main.storyboard; sourceTree = "<group>"; };
		A431A43F2340904800310D55 /* Assets.xcassets */ = {isa = PBXFileReference; lastKnownFileType = folder.assetcatalog; path = Assets.xcassets; sourceTree = "<group>"; };
		A431A4422340904800310D55 /* Base */ = {isa = PBXFileReference; lastKnownFileType = file.storyboard; name = Base; path = Base.lproj/LaunchScreen.storyboard; sourceTree = "<group>"; };
		A431A4442340904800310D55 /* Info.plist */ = {isa = PBXFileReference; lastKnownFileType = text.plist.xml; path = Info.plist; sourceTree = "<group>"; };
		A431A4492340904800310D55 /* YelloTalkPrimeCheckerTests.xctest */ = {isa = PBXFileReference; explicitFileType = wrapper.cfbundle; includeInIndex = 0; path = YelloTalkPrimeCheckerTests.xctest; sourceTree = BUILT_PRODUCTS_DIR; };
		A431A44D2340904800310D55 /* YelloTalkPrimeCheckerTests.swift */ = {isa = PBXFileReference; lastKnownFileType = sourcecode.swift; path = YelloTalkPrimeCheckerTests.swift; sourceTree = "<group>"; };
		A431A44F2340904800310D55 /* Info.plist */ = {isa = PBXFileReference; lastKnownFileType = text.plist.xml; path = Info.plist; sourceTree = "<group>"; };
		A431A4542340904800310D55 /* YelloTalkPrimeCheckerUITests.xctest */ = {isa = PBXFileReference; explicitFileType = wrapper.cfbundle; includeInIndex = 0; path = YelloTalkPrimeCheckerUITests.xctest; sourceTree = BUILT_PRODUCTS_DIR; };
		A431A4582340904800310D55 /* YelloTalkPrimeCheckerUITests.swift */ = {isa = PBXFileReference; lastKnownFileType = sourcecode.swift; path = YelloTalkPrimeCheckerUITests.swift; sourceTree = "<group>"; };
		A431A45A2340904800310D55 /* Info.plist */ = {isa = PBXFileReference; lastKnownFileType = text.plist.xml; path = Info.plist; sourceTree = "<group>"; };
		A431A46F23409A7600310D55 /* Constant.swift */ = {isa = PBXFileReference; lastKnownFileType = sourcecode.swift; path = Constant.swift; sourceTree = "<group>"; };
		A546BD81311072E11E4C1674 /* Pods_YelloTalkPrimeChecker.framework */ = {isa = PBXFileReference; explicitFileType = wrapper.framework; includeInIndex = 0; path = Pods_YelloTalkPrimeChecker.framework; sourceTree = BUILT_PRODUCTS_DIR; };
		A56007B5B6384A93FD75F4DE /* Pods_YelloTalkPrimeCheckerTests.framework */ = {isa = PBXFileReference; explicitFileType = wrapper.framework; includeInIndex = 0; path = Pods_YelloTalkPrimeCheckerTests.framework; sourceTree = BUILT_PRODUCTS_DIR; };
		BD454FF301D2382D6FCF137F /* Pods-YelloTalkPrimeCheckerUITests.release.xcconfig */ = {isa = PBXFileReference; includeInIndex = 1; lastKnownFileType = text.xcconfig; name = "Pods-YelloTalkPrimeCheckerUITests.release.xcconfig"; path = "Target Support Files/Pods-YelloTalkPrimeCheckerUITests/Pods-YelloTalkPrimeCheckerUITests.release.xcconfig"; sourceTree = "<group>"; };
/* End PBXFileReference section */

/* Begin PBXFrameworksBuildPhase section */
		A431A4302340904600310D55 /* Frameworks */ = {
			isa = PBXFrameworksBuildPhase;
			buildActionMask = 2147483647;
			files = (
				7E8947BA9E4A8551050BC6DA /* Pods_YelloTalkPrimeChecker.framework in Frameworks */,
			);
			runOnlyForDeploymentPostprocessing = 0;
		};
		A431A4462340904800310D55 /* Frameworks */ = {
			isa = PBXFrameworksBuildPhase;
			buildActionMask = 2147483647;
			files = (
				66F429BFD30B9F65FD167310 /* Pods_YelloTalkPrimeCheckerTests.framework in Frameworks */,
			);
			runOnlyForDeploymentPostprocessing = 0;
		};
		A431A4512340904800310D55 /* Frameworks */ = {
			isa = PBXFrameworksBuildPhase;
			buildActionMask = 2147483647;
			files = (
				392D2A3F02E124C42F84EA59 /* Pods_YelloTalkPrimeCheckerUITests.framework in Frameworks */,
			);
			runOnlyForDeploymentPostprocessing = 0;
		};
/* End PBXFrameworksBuildPhase section */

/* Begin PBXGroup section */
		8F4BD1409092FE43330EE616 /* Pods */ = {
			isa = PBXGroup;
			children = (
				42F686B03A3C3105D1A95791 /* Pods-YelloTalkPrimeChecker.debug.xcconfig */,
				879FB7DD8495F7FFE8EB8A21 /* Pods-YelloTalkPrimeChecker.release.xcconfig */,
				33E76275177215A2EB005E0C /* Pods-YelloTalkPrimeCheckerTests.debug.xcconfig */,
				602A163E91FD947ED09E277D /* Pods-YelloTalkPrimeCheckerTests.release.xcconfig */,
				1326E7758077D411D0BF5E19 /* Pods-YelloTalkPrimeCheckerUITests.debug.xcconfig */,
				BD454FF301D2382D6FCF137F /* Pods-YelloTalkPrimeCheckerUITests.release.xcconfig */,
			);
			path = Pods;
			sourceTree = "<group>";
		};
		A431A42A2340904600310D55 = {
			isa = PBXGroup;
			children = (
				A431A4352340904600310D55 /* YelloTalkPrimeChecker */,
				A431A44C2340904800310D55 /* YelloTalkPrimeCheckerTests */,
				A431A4572340904800310D55 /* YelloTalkPrimeCheckerUITests */,
				A431A4342340904600310D55 /* Products */,
				8F4BD1409092FE43330EE616 /* Pods */,
				F525B2B023F96C4D6B9CEDF4 /* Frameworks */,
			);
			sourceTree = "<group>";
		};
		A431A4342340904600310D55 /* Products */ = {
			isa = PBXGroup;
			children = (
				A431A4332340904600310D55 /* YelloTalkPrimeChecker.app */,
				A431A4492340904800310D55 /* YelloTalkPrimeCheckerTests.xctest */,
				A431A4542340904800310D55 /* YelloTalkPrimeCheckerUITests.xctest */,
			);
			name = Products;
			sourceTree = "<group>";
		};
		A431A4352340904600310D55 /* YelloTalkPrimeChecker */ = {
			isa = PBXGroup;
			children = (
				A431A46F23409A7600310D55 /* Constant.swift */,
				A431A4362340904600310D55 /* AppDelegate.swift */,
				A431A4382340904600310D55 /* SceneDelegate.swift */,
				A431A46D23409A4200310D55 /* Extension */,
				A431A46A23409A1E00310D55 /* API Service */,
				A431A46C23409A3000310D55 /* JSONStub */,
				A431A46B23409A2B00310D55 /* Model */,
				A431A46923409A0F00310D55 /* UI */,
				A431A468234099E200310D55 /* View */,
				A431A467234099D900310D55 /* Controller */,
				A431A43C2340904600310D55 /* Main.storyboard */,
				A431A43F2340904800310D55 /* Assets.xcassets */,
				A431A4412340904800310D55 /* LaunchScreen.storyboard */,
				A431A4442340904800310D55 /* Info.plist */,
			);
			path = YelloTalkPrimeChecker;
			sourceTree = "<group>";
		};
		A431A44C2340904800310D55 /* YelloTalkPrimeCheckerTests */ = {
			isa = PBXGroup;
			children = (
				A431A44D2340904800310D55 /* YelloTalkPrimeCheckerTests.swift */,
				A431A44F2340904800310D55 /* Info.plist */,
			);
			path = YelloTalkPrimeCheckerTests;
			sourceTree = "<group>";
		};
		A431A4572340904800310D55 /* YelloTalkPrimeCheckerUITests */ = {
			isa = PBXGroup;
			children = (
				A431A4582340904800310D55 /* YelloTalkPrimeCheckerUITests.swift */,
				A431A45A2340904800310D55 /* Info.plist */,
			);
			path = YelloTalkPrimeCheckerUITests;
			sourceTree = "<group>";
		};
		A431A467234099D900310D55 /* Controller */ = {
			isa = PBXGroup;
			children = (
			);
			path = Controller;
			sourceTree = "<group>";
		};
		A431A468234099E200310D55 /* View */ = {
			isa = PBXGroup;
			children = (
			);
			path = View;
			sourceTree = "<group>";
		};
		A431A46923409A0F00310D55 /* UI */ = {
			isa = PBXGroup;
			children = (
			);
			path = UI;
			sourceTree = "<group>";
		};
		A431A46A23409A1E00310D55 /* API Service */ = {
			isa = PBXGroup;
			children = (
			);
			path = "API Service";
			sourceTree = "<group>";
		};
		A431A46B23409A2B00310D55 /* Model */ = {
			isa = PBXGroup;
			children = (
			);
			path = Model;
			sourceTree = "<group>";
		};
		A431A46C23409A3000310D55 /* JSONStub */ = {
			isa = PBXGroup;
			children = (
			);
			path = JSONStub;
			sourceTree = "<group>";
		};
		A431A46D23409A4200310D55 /* Extension */ = {
			isa = PBXGroup;
			children = (
			);
			path = Extension;
			sourceTree = "<group>";
		};
		F525B2B023F96C4D6B9CEDF4 /* Frameworks */ = {
			isa = PBXGroup;
			children = (
				A546BD81311072E11E4C1674 /* Pods_YelloTalkPrimeChecker.framework */,
				A56007B5B6384A93FD75F4DE /* Pods_YelloTalkPrimeCheckerTests.framework */,
				836FDB72844E73AE303C8594 /* Pods_YelloTalkPrimeCheckerUITests.framework */,
			);
			name = Frameworks;
			sourceTree = "<group>";
		};
/* End PBXGroup section */

/* Begin PBXNativeTarget section */
		A431A4322340904600310D55 /* YelloTalkPrimeChecker */ = {
			isa = PBXNativeTarget;
			buildConfigurationList = A431A45D2340904800310D55 /* Build configuration list for PBXNativeTarget "YelloTalkPrimeChecker" */;
			buildPhases = (
				D82B3A91B60176417689D981 /* [CP] Check Pods Manifest.lock */,
				A431A42F2340904600310D55 /* Sources */,
				A431A4302340904600310D55 /* Frameworks */,
				A431A4312340904600310D55 /* Resources */,
				ED2B4BCC2C36A20CA140F8CB /* [CP] Embed Pods Frameworks */,
			);
			buildRules = (
			);
			dependencies = (
			);
			name = YelloTalkPrimeChecker;
			productName = YelloTalkPrimeChecker;
			productReference = A431A4332340904600310D55 /* YelloTalkPrimeChecker.app */;
			productType = "com.apple.product-type.application";
		};
		A431A4482340904800310D55 /* YelloTalkPrimeCheckerTests */ = {
			isa = PBXNativeTarget;
			buildConfigurationList = A431A4602340904800310D55 /* Build configuration list for PBXNativeTarget "YelloTalkPrimeCheckerTests" */;
			buildPhases = (
				5C3E6D7CF21E57F508A364F4 /* [CP] Check Pods Manifest.lock */,
				A431A4452340904800310D55 /* Sources */,
				A431A4462340904800310D55 /* Frameworks */,
				A431A4472340904800310D55 /* Resources */,
			);
			buildRules = (
			);
			dependencies = (
				A431A44B2340904800310D55 /* PBXTargetDependency */,
			);
			name = YelloTalkPrimeCheckerTests;
			productName = YelloTalkPrimeCheckerTests;
			productReference = A431A4492340904800310D55 /* YelloTalkPrimeCheckerTests.xctest */;
			productType = "com.apple.product-type.bundle.unit-test";
		};
		A431A4532340904800310D55 /* YelloTalkPrimeCheckerUITests */ = {
			isa = PBXNativeTarget;
			buildConfigurationList = A431A4632340904800310D55 /* Build configuration list for PBXNativeTarget "YelloTalkPrimeCheckerUITests" */;
			buildPhases = (
				3DA27BA9F84CB8A9717614D2 /* [CP] Check Pods Manifest.lock */,
				A431A4502340904800310D55 /* Sources */,
				A431A4512340904800310D55 /* Frameworks */,
				A431A4522340904800310D55 /* Resources */,
			);
			buildRules = (
			);
			dependencies = (
				A431A4562340904800310D55 /* PBXTargetDependency */,
			);
			name = YelloTalkPrimeCheckerUITests;
			productName = YelloTalkPrimeCheckerUITests;
			productReference = A431A4542340904800310D55 /* YelloTalkPrimeCheckerUITests.xctest */;
			productType = "com.apple.product-type.bundle.ui-testing";
		};
/* End PBXNativeTarget section */

/* Begin PBXProject section */
		A431A42B2340904600310D55 /* Project object */ = {
			isa = PBXProject;
			attributes = {
				LastSwiftUpdateCheck = 1100;
				LastUpgradeCheck = 1100;
				ORGANIZATIONNAME = "Kolathee Payuhawatthana";
				TargetAttributes = {
					A431A4322340904600310D55 = {
						CreatedOnToolsVersion = 11.0;
					};
					A431A4482340904800310D55 = {
						CreatedOnToolsVersion = 11.0;
						TestTargetID = A431A4322340904600310D55;
					};
					A431A4532340904800310D55 = {
						CreatedOnToolsVersion = 11.0;
						TestTargetID = A431A4322340904600310D55;
					};
				};
			};
			buildConfigurationList = A431A42E2340904600310D55 /* Build configuration list for PBXProject "YelloTalkPrimeChecker" */;
			compatibilityVersion = "Xcode 9.3";
			developmentRegion = en;
			hasScannedForEncodings = 0;
			knownRegions = (
				en,
				Base,
			);
			mainGroup = A431A42A2340904600310D55;
			productRefGroup = A431A4342340904600310D55 /* Products */;
			projectDirPath = "";
			projectRoot = "";
			targets = (
				A431A4322340904600310D55 /* YelloTalkPrimeChecker */,
				A431A4482340904800310D55 /* YelloTalkPrimeCheckerTests */,
				A431A4532340904800310D55 /* YelloTalkPrimeCheckerUITests */,
			);
		};
/* End PBXProject section */

/* Begin PBXResourcesBuildPhase section */
		A431A4312340904600310D55 /* Resources */ = {
			isa = PBXResourcesBuildPhase;
			buildActionMask = 2147483647;
			files = (
				A431A4432340904800310D55 /* LaunchScreen.storyboard in Resources */,
				A431A4402340904800310D55 /* Assets.xcassets in Resources */,
				A431A43E2340904600310D55 /* Main.storyboard in Resources */,
			);
			runOnlyForDeploymentPostprocessing = 0;
		};
		A431A4472340904800310D55 /* Resources */ = {
			isa = PBXResourcesBuildPhase;
			buildActionMask = 2147483647;
			files = (
			);
			runOnlyForDeploymentPostprocessing = 0;
		};
		A431A4522340904800310D55 /* Resources */ = {
			isa = PBXResourcesBuildPhase;
			buildActionMask = 2147483647;
			files = (
			);
			runOnlyForDeploymentPostprocessing = 0;
		};
/* End PBXResourcesBuildPhase section */

/* Begin PBXShellScriptBuildPhase section */
		3DA27BA9F84CB8A9717614D2 /* [CP] Check Pods Manifest.lock */ = {
			isa = PBXShellScriptBuildPhase;
			buildActionMask = 2147483647;
			files = (
			);
			inputFileListPaths = (
			);
			inputPaths = (
				"${PODS_PODFILE_DIR_PATH}/Podfile.lock",
				"${PODS_ROOT}/Manifest.lock",
			);
			name = "[CP] Check Pods Manifest.lock";
			outputFileListPaths = (
			);
			outputPaths = (
				"$(DERIVED_FILE_DIR)/Pods-YelloTalkPrimeCheckerUITests-checkManifestLockResult.txt",
			);
			runOnlyForDeploymentPostprocessing = 0;
			shellPath = /bin/sh;
			shellScript = "diff \"${PODS_PODFILE_DIR_PATH}/Podfile.lock\" \"${PODS_ROOT}/Manifest.lock\" > /dev/null\nif [ $? != 0 ] ; then\n    # print error to STDERR\n    echo \"error: The sandbox is not in sync with the Podfile.lock. Run 'pod install' or update your CocoaPods installation.\" >&2\n    exit 1\nfi\n# This output is used by Xcode 'outputs' to avoid re-running this script phase.\necho \"SUCCESS\" > \"${SCRIPT_OUTPUT_FILE_0}\"\n";
			showEnvVarsInLog = 0;
		};
		5C3E6D7CF21E57F508A364F4 /* [CP] Check Pods Manifest.lock */ = {
			isa = PBXShellScriptBuildPhase;
			buildActionMask = 2147483647;
			files = (
			);
			inputFileListPaths = (
			);
			inputPaths = (
				"${PODS_PODFILE_DIR_PATH}/Podfile.lock",
				"${PODS_ROOT}/Manifest.lock",
			);
			name = "[CP] Check Pods Manifest.lock";
			outputFileListPaths = (
			);
			outputPaths = (
				"$(DERIVED_FILE_DIR)/Pods-YelloTalkPrimeCheckerTests-checkManifestLockResult.txt",
			);
			runOnlyForDeploymentPostprocessing = 0;
			shellPath = /bin/sh;
			shellScript = "diff \"${PODS_PODFILE_DIR_PATH}/Podfile.lock\" \"${PODS_ROOT}/Manifest.lock\" > /dev/null\nif [ $? != 0 ] ; then\n    # print error to STDERR\n    echo \"error: The sandbox is not in sync with the Podfile.lock. Run 'pod install' or update your CocoaPods installation.\" >&2\n    exit 1\nfi\n# This output is used by Xcode 'outputs' to avoid re-running this script phase.\necho \"SUCCESS\" > \"${SCRIPT_OUTPUT_FILE_0}\"\n";
			showEnvVarsInLog = 0;
		};
		D82B3A91B60176417689D981 /* [CP] Check Pods Manifest.lock */ = {
			isa = PBXShellScriptBuildPhase;
			buildActionMask = 2147483647;
			files = (
			);
			inputFileListPaths = (
			);
			inputPaths = (
				"${PODS_PODFILE_DIR_PATH}/Podfile.lock",
				"${PODS_ROOT}/Manifest.lock",
			);
			name = "[CP] Check Pods Manifest.lock";
			outputFileListPaths = (
			);
			outputPaths = (
				"$(DERIVED_FILE_DIR)/Pods-YelloTalkPrimeChecker-checkManifestLockResult.txt",
			);
			runOnlyForDeploymentPostprocessing = 0;
			shellPath = /bin/sh;
			shellScript = "diff \"${PODS_PODFILE_DIR_PATH}/Podfile.lock\" \"${PODS_ROOT}/Manifest.lock\" > /dev/null\nif [ $? != 0 ] ; then\n    # print error to STDERR\n    echo \"error: The sandbox is not in sync with the Podfile.lock. Run 'pod install' or update your CocoaPods installation.\" >&2\n    exit 1\nfi\n# This output is used by Xcode 'outputs' to avoid re-running this script phase.\necho \"SUCCESS\" > \"${SCRIPT_OUTPUT_FILE_0}\"\n";
			showEnvVarsInLog = 0;
		};
		ED2B4BCC2C36A20CA140F8CB /* [CP] Embed Pods Frameworks */ = {
			isa = PBXShellScriptBuildPhase;
			buildActionMask = 2147483647;
			files = (
			);
			inputFileListPaths = (
				"${PODS_ROOT}/Target Support Files/Pods-YelloTalkPrimeChecker/Pods-YelloTalkPrimeChecker-frameworks-${CONFIGURATION}-input-files.xcfilelist",
			);
			name = "[CP] Embed Pods Frameworks";
			outputFileListPaths = (
				"${PODS_ROOT}/Target Support Files/Pods-YelloTalkPrimeChecker/Pods-YelloTalkPrimeChecker-frameworks-${CONFIGURATION}-output-files.xcfilelist",
			);
			runOnlyForDeploymentPostprocessing = 0;
			shellPath = /bin/sh;
			shellScript = "\"${PODS_ROOT}/Target Support Files/Pods-YelloTalkPrimeChecker/Pods-YelloTalkPrimeChecker-frameworks.sh\"\n";
			showEnvVarsInLog = 0;
		};
/* End PBXShellScriptBuildPhase section */

/* Begin PBXSourcesBuildPhase section */
		A431A42F2340904600310D55 /* Sources */ = {
			isa = PBXSourcesBuildPhase;
			buildActionMask = 2147483647;
			files = (
				A431A4372340904600310D55 /* AppDelegate.swift in Sources */,
				A431A4392340904600310D55 /* SceneDelegate.swift in Sources */,
				A431A47023409A7600310D55 /* Constant.swift in Sources */,
			);
			runOnlyForDeploymentPostprocessing = 0;
		};
		A431A4452340904800310D55 /* Sources */ = {
			isa = PBXSourcesBuildPhase;
			buildActionMask = 2147483647;
			files = (
				A431A44E2340904800310D55 /* YelloTalkPrimeCheckerTests.swift in Sources */,
			);
			runOnlyForDeploymentPostprocessing = 0;
		};
		A431A4502340904800310D55 /* Sources */ = {
			isa = PBXSourcesBuildPhase;
			buildActionMask = 2147483647;
			files = (
				A431A4592340904800310D55 /* YelloTalkPrimeCheckerUITests.swift in Sources */,
			);
			runOnlyForDeploymentPostprocessing = 0;
		};
/* End PBXSourcesBuildPhase section */

/* Begin PBXTargetDependency section */
		A431A44B2340904800310D55 /* PBXTargetDependency */ = {
			isa = PBXTargetDependency;
			target = A431A4322340904600310D55 /* YelloTalkPrimeChecker */;
			targetProxy = A431A44A2340904800310D55 /* PBXContainerItemProxy */;
		};
		A431A4562340904800310D55 /* PBXTargetDependency */ = {
			isa = PBXTargetDependency;
			target = A431A4322340904600310D55 /* YelloTalkPrimeChecker */;
			targetProxy = A431A4552340904800310D55 /* PBXContainerItemProxy */;
		};
/* End PBXTargetDependency section */

/* Begin PBXVariantGroup section */
		A431A43C2340904600310D55 /* Main.storyboard */ = {
			isa = PBXVariantGroup;
			children = (
				A431A43D2340904600310D55 /* Base */,
			);
			name = Main.storyboard;
			sourceTree = "<group>";
		};
		A431A4412340904800310D55 /* LaunchScreen.storyboard */ = {
			isa = PBXVariantGroup;
			children = (
				A431A4422340904800310D55 /* Base */,
			);
			name = LaunchScreen.storyboard;
			sourceTree = "<group>";
		};
/* End PBXVariantGroup section */

/* Begin XCBuildConfiguration section */
		A431A45B2340904800310D55 /* Debug */ = {
			isa = XCBuildConfiguration;
			buildSettings = {
				ALWAYS_SEARCH_USER_PATHS = NO;
				CLANG_ANALYZER_NONNULL = YES;
				CLANG_ANALYZER_NUMBER_OBJECT_CONVERSION = YES_AGGRESSIVE;
				CLANG_CXX_LANGUAGE_STANDARD = "gnu++14";
				CLANG_CXX_LIBRARY = "libc++";
				CLANG_ENABLE_MODULES = YES;
				CLANG_ENABLE_OBJC_ARC = YES;
				CLANG_ENABLE_OBJC_WEAK = YES;
				CLANG_WARN_BLOCK_CAPTURE_AUTORELEASING = YES;
				CLANG_WARN_BOOL_CONVERSION = YES;
				CLANG_WARN_COMMA = YES;
				CLANG_WARN_CONSTANT_CONVERSION = YES;
				CLANG_WARN_DEPRECATED_OBJC_IMPLEMENTATIONS = YES;
				CLANG_WARN_DIRECT_OBJC_ISA_USAGE = YES_ERROR;
				CLANG_WARN_DOCUMENTATION_COMMENTS = YES;
				CLANG_WARN_EMPTY_BODY = YES;
				CLANG_WARN_ENUM_CONVERSION = YES;
				CLANG_WARN_INFINITE_RECURSION = YES;
				CLANG_WARN_INT_CONVERSION = YES;
				CLANG_WARN_NON_LITERAL_NULL_CONVERSION = YES;
				CLANG_WARN_OBJC_IMPLICIT_RETAIN_SELF = YES;
				CLANG_WARN_OBJC_LITERAL_CONVERSION = YES;
				CLANG_WARN_OBJC_ROOT_CLASS = YES_ERROR;
				CLANG_WARN_RANGE_LOOP_ANALYSIS = YES;
				CLANG_WARN_STRICT_PROTOTYPES = YES;
				CLANG_WARN_SUSPICIOUS_MOVE = YES;
				CLANG_WARN_UNGUARDED_AVAILABILITY = YES_AGGRESSIVE;
				CLANG_WARN_UNREACHABLE_CODE = YES;
				CLANG_WARN__DUPLICATE_METHOD_MATCH = YES;
				COPY_PHASE_STRIP = NO;
				DEBUG_INFORMATION_FORMAT = dwarf;
				ENABLE_STRICT_OBJC_MSGSEND = YES;
				ENABLE_TESTABILITY = YES;
				GCC_C_LANGUAGE_STANDARD = gnu11;
				GCC_DYNAMIC_NO_PIC = NO;
				GCC_NO_COMMON_BLOCKS = YES;
				GCC_OPTIMIZATION_LEVEL = 0;
				GCC_PREPROCESSOR_DEFINITIONS = (
					"DEBUG=1",
					"$(inherited)",
				);
				GCC_WARN_64_TO_32_BIT_CONVERSION = YES;
				GCC_WARN_ABOUT_RETURN_TYPE = YES_ERROR;
				GCC_WARN_UNDECLARED_SELECTOR = YES;
				GCC_WARN_UNINITIALIZED_AUTOS = YES_AGGRESSIVE;
				GCC_WARN_UNUSED_FUNCTION = YES;
				GCC_WARN_UNUSED_VARIABLE = YES;
				IPHONEOS_DEPLOYMENT_TARGET = 13.0;
				MTL_ENABLE_DEBUG_INFO = INCLUDE_SOURCE;
				MTL_FAST_MATH = YES;
				ONLY_ACTIVE_ARCH = YES;
				SDKROOT = iphoneos;
				SWIFT_ACTIVE_COMPILATION_CONDITIONS = DEBUG;
				SWIFT_OPTIMIZATION_LEVEL = "-Onone";
			};
			name = Debug;
		};
		A431A45C2340904800310D55 /* Release */ = {
			isa = XCBuildConfiguration;
			buildSettings = {
				ALWAYS_SEARCH_USER_PATHS = NO;
				CLANG_ANALYZER_NONNULL = YES;
				CLANG_ANALYZER_NUMBER_OBJECT_CONVERSION = YES_AGGRESSIVE;
				CLANG_CXX_LANGUAGE_STANDARD = "gnu++14";
				CLANG_CXX_LIBRARY = "libc++";
				CLANG_ENABLE_MODULES = YES;
				CLANG_ENABLE_OBJC_ARC = YES;
				CLANG_ENABLE_OBJC_WEAK = YES;
				CLANG_WARN_BLOCK_CAPTURE_AUTORELEASING = YES;
				CLANG_WARN_BOOL_CONVERSION = YES;
				CLANG_WARN_COMMA = YES;
				CLANG_WARN_CONSTANT_CONVERSION = YES;
				CLANG_WARN_DEPRECATED_OBJC_IMPLEMENTATIONS = YES;
				CLANG_WARN_DIRECT_OBJC_ISA_USAGE = YES_ERROR;
				CLANG_WARN_DOCUMENTATION_COMMENTS = YES;
				CLANG_WARN_EMPTY_BODY = YES;
				CLANG_WARN_ENUM_CONVERSION = YES;
				CLANG_WARN_INFINITE_RECURSION = YES;
				CLANG_WARN_INT_CONVERSION = YES;
				CLANG_WARN_NON_LITERAL_NULL_CONVERSION = YES;
				CLANG_WARN_OBJC_IMPLICIT_RETAIN_SELF = YES;
				CLANG_WARN_OBJC_LITERAL_CONVERSION = YES;
				CLANG_WARN_OBJC_ROOT_CLASS = YES_ERROR;
				CLANG_WARN_RANGE_LOOP_ANALYSIS = YES;
				CLANG_WARN_STRICT_PROTOTYPES = YES;
				CLANG_WARN_SUSPICIOUS_MOVE = YES;
				CLANG_WARN_UNGUARDED_AVAILABILITY = YES_AGGRESSIVE;
				CLANG_WARN_UNREACHABLE_CODE = YES;
				CLANG_WARN__DUPLICATE_METHOD_MATCH = YES;
				COPY_PHASE_STRIP = NO;
				DEBUG_INFORMATION_FORMAT = "dwarf-with-dsym";
				ENABLE_NS_ASSERTIONS = NO;
				ENABLE_STRICT_OBJC_MSGSEND = YES;
				GCC_C_LANGUAGE_STANDARD = gnu11;
				GCC_NO_COMMON_BLOCKS = YES;
				GCC_WARN_64_TO_32_BIT_CONVERSION = YES;
				GCC_WARN_ABOUT_RETURN_TYPE = YES_ERROR;
				GCC_WARN_UNDECLARED_SELECTOR = YES;
				GCC_WARN_UNINITIALIZED_AUTOS = YES_AGGRESSIVE;
				GCC_WARN_UNUSED_FUNCTION = YES;
				GCC_WARN_UNUSED_VARIABLE = YES;
				IPHONEOS_DEPLOYMENT_TARGET = 13.0;
				MTL_ENABLE_DEBUG_INFO = NO;
				MTL_FAST_MATH = YES;
				SDKROOT = iphoneos;
				SWIFT_COMPILATION_MODE = wholemodule;
				SWIFT_OPTIMIZATION_LEVEL = "-O";
				VALIDATE_PRODUCT = YES;
			};
			name = Release;
		};
		A431A45E2340904800310D55 /* Debug */ = {
			isa = XCBuildConfiguration;
			baseConfigurationReference = 42F686B03A3C3105D1A95791 /* Pods-YelloTalkPrimeChecker.debug.xcconfig */;
			buildSettings = {
				ASSETCATALOG_COMPILER_APPICON_NAME = AppIcon;
				CODE_SIGN_STYLE = Automatic;
				DEVELOPMENT_TEAM = DZ3FYPCUHX;
				INFOPLIST_FILE = YelloTalkPrimeChecker/Info.plist;
				LD_RUNPATH_SEARCH_PATHS = (
					"$(inherited)",
					"@executable_path/Frameworks",
				);
				PRODUCT_BUNDLE_IDENTIFIER = Cup.YelloTalkPrimeChecker;
				PRODUCT_NAME = "$(TARGET_NAME)";
				SWIFT_VERSION = 5.0;
				TARGETED_DEVICE_FAMILY = "1,2";
			};
			name = Debug;
		};
		A431A45F2340904800310D55 /* Release */ = {
			isa = XCBuildConfiguration;
			baseConfigurationReference = 879FB7DD8495F7FFE8EB8A21 /* Pods-YelloTalkPrimeChecker.release.xcconfig */;
			buildSettings = {
				ASSETCATALOG_COMPILER_APPICON_NAME = AppIcon;
				CODE_SIGN_STYLE = Automatic;
				DEVELOPMENT_TEAM = DZ3FYPCUHX;
				INFOPLIST_FILE = YelloTalkPrimeChecker/Info.plist;
				LD_RUNPATH_SEARCH_PATHS = (
					"$(inherited)",
					"@executable_path/Frameworks",
				);
				PRODUCT_BUNDLE_IDENTIFIER = Cup.YelloTalkPrimeChecker;
				PRODUCT_NAME = "$(TARGET_NAME)";
				SWIFT_VERSION = 5.0;
				TARGETED_DEVICE_FAMILY = "1,2";
			};
			name = Release;
		};
		A431A4612340904800310D55 /* Debug */ = {
			isa = XCBuildConfiguration;
			baseConfigurationReference = 33E76275177215A2EB005E0C /* Pods-YelloTalkPrimeCheckerTests.debug.xcconfig */;
			buildSettings = {
				ALWAYS_EMBED_SWIFT_STANDARD_LIBRARIES = YES;
				BUNDLE_LOADER = "$(TEST_HOST)";
				CODE_SIGN_STYLE = Automatic;
				DEVELOPMENT_TEAM = DZ3FYPCUHX;
				INFOPLIST_FILE = YelloTalkPrimeCheckerTests/Info.plist;
				IPHONEOS_DEPLOYMENT_TARGET = 13.0;
				LD_RUNPATH_SEARCH_PATHS = (
					"$(inherited)",
					"@executable_path/Frameworks",
					"@loader_path/Frameworks",
				);
				PRODUCT_BUNDLE_IDENTIFIER = Cup.YelloTalkPrimeCheckerTests;
				PRODUCT_NAME = "$(TARGET_NAME)";
				SWIFT_VERSION = 5.0;
				TARGETED_DEVICE_FAMILY = "1,2";
				TEST_HOST = "$(BUILT_PRODUCTS_DIR)/YelloTalkPrimeChecker.app/YelloTalkPrimeChecker";
			};
			name = Debug;
		};
		A431A4622340904800310D55 /* Release */ = {
			isa = XCBuildConfiguration;
			baseConfigurationReference = 602A163E91FD947ED09E277D /* Pods-YelloTalkPrimeCheckerTests.release.xcconfig */;
			buildSettings = {
				ALWAYS_EMBED_SWIFT_STANDARD_LIBRARIES = YES;
				BUNDLE_LOADER = "$(TEST_HOST)";
				CODE_SIGN_STYLE = Automatic;
				DEVELOPMENT_TEAM = DZ3FYPCUHX;
				INFOPLIST_FILE = YelloTalkPrimeCheckerTests/Info.plist;
				IPHONEOS_DEPLOYMENT_TARGET = 13.0;
				LD_RUNPATH_SEARCH_PATHS = (
					"$(inherited)",
					"@executable_path/Frameworks",
					"@loader_path/Frameworks",
				);
				PRODUCT_BUNDLE_IDENTIFIER = Cup.YelloTalkPrimeCheckerTests;
				PRODUCT_NAME = "$(TARGET_NAME)";
				SWIFT_VERSION = 5.0;
				TARGETED_DEVICE_FAMILY = "1,2";
				TEST_HOST = "$(BUILT_PRODUCTS_DIR)/YelloTalkPrimeChecker.app/YelloTalkPrimeChecker";
			};
			name = Release;
		};
		A431A4642340904800310D55 /* Debug */ = {
			isa = XCBuildConfiguration;
			baseConfigurationReference = 1326E7758077D411D0BF5E19 /* Pods-YelloTalkPrimeCheckerUITests.debug.xcconfig */;
			buildSettings = {
				ALWAYS_EMBED_SWIFT_STANDARD_LIBRARIES = YES;
				CODE_SIGN_STYLE = Automatic;
				DEVELOPMENT_TEAM = DZ3FYPCUHX;
				INFOPLIST_FILE = YelloTalkPrimeCheckerUITests/Info.plist;
				LD_RUNPATH_SEARCH_PATHS = (
					"$(inherited)",
					"@executable_path/Frameworks",
					"@loader_path/Frameworks",
				);
				PRODUCT_BUNDLE_IDENTIFIER = Cup.YelloTalkPrimeCheckerUITests;
				PRODUCT_NAME = "$(TARGET_NAME)";
				SWIFT_VERSION = 5.0;
				TARGETED_DEVICE_FAMILY = "1,2";
				TEST_TARGET_NAME = YelloTalkPrimeChecker;
			};
			name = Debug;
		};
		A431A4652340904800310D55 /* Release */ = {
			isa = XCBuildConfiguration;
			baseConfigurationReference = BD454FF301D2382D6FCF137F /* Pods-YelloTalkPrimeCheckerUITests.release.xcconfig */;
			buildSettings = {
				ALWAYS_EMBED_SWIFT_STANDARD_LIBRARIES = YES;
				CODE_SIGN_STYLE = Automatic;
				DEVELOPMENT_TEAM = DZ3FYPCUHX;
				INFOPLIST_FILE = YelloTalkPrimeCheckerUITests/Info.plist;
				LD_RUNPATH_SEARCH_PATHS = (
					"$(inherited)",
					"@executable_path/Frameworks",
					"@loader_path/Frameworks",
				);
				PRODUCT_BUNDLE_IDENTIFIER = Cup.YelloTalkPrimeCheckerUITests;
				PRODUCT_NAME = "$(TARGET_NAME)";
				SWIFT_VERSION = 5.0;
				TARGETED_DEVICE_FAMILY = "1,2";
				TEST_TARGET_NAME = YelloTalkPrimeChecker;
			};
			name = Release;
		};
/* End XCBuildConfiguration section */

/* Begin XCConfigurationList section */
		A431A42E2340904600310D55 /* Build configuration list for PBXProject "YelloTalkPrimeChecker" */ = {
			isa = XCConfigurationList;
			buildConfigurations = (
				A431A45B2340904800310D55 /* Debug */,
				A431A45C2340904800310D55 /* Release */,
			);
			defaultConfigurationIsVisible = 0;
			defaultConfigurationName = Release;
		};
		A431A45D2340904800310D55 /* Build configuration list for PBXNativeTarget "YelloTalkPrimeChecker" */ = {
			isa = XCConfigurationList;
			buildConfigurations = (
				A431A45E2340904800310D55 /* Debug */,
				A431A45F2340904800310D55 /* Release */,
			);
			defaultConfigurationIsVisible = 0;
			defaultConfigurationName = Release;
		};
		A431A4602340904800310D55 /* Build configuration list for PBXNativeTarget "YelloTalkPrimeCheckerTests" */ = {
			isa = XCConfigurationList;
			buildConfigurations = (
				A431A4612340904800310D55 /* Debug */,
				A431A4622340904800310D55 /* Release */,
			);
			defaultConfigurationIsVisible = 0;
			defaultConfigurationName = Release;
		};
		A431A4632340904800310D55 /* Build configuration list for PBXNativeTarget "YelloTalkPrimeCheckerUITests" */ = {
			isa = XCConfigurationList;
			buildConfigurations = (
				A431A4642340904800310D55 /* Debug */,
				A431A4652340904800310D55 /* Release */,
			);
			defaultConfigurationIsVisible = 0;
			defaultConfigurationName = Release;
		};
/* End XCConfigurationList section */
	};
	rootObject = A431A42B2340904600310D55 /* Project object */;
}
